
Microsoft Visual Studio Solution File, Format Version 12.00
# Visual Studio 15
VisualStudioVersion = 15.0.27703.2042
MinimumVisualStudioVersion = 10.0.40219.1
Project("{9A19103F-16F7-4668-BE54-9A1E7A4F7556}") = "Dnc.Api.Throttle", "Dnc.Api.Throttle\Dnc.Api.Throttle.csproj", "{F6D0FF7D-9CAB-44FE-864E-B4399828A55A}"
EndProject
Project("{FAE04EC0-301F-11D3-BF4B-00C04F79EFBC}") = "WebApiTest", "Tests\WebApiTest\WebApiTest.csproj", "{C23D4AB9-A4D0-4E16-A02B-BD4232F1D1D3}"
EndProject
Global
	GlobalSection(SolutionConfigurationPlatforms) = preSolution
		Debug|Any CPU = Debug|Any CPU
		Release|Any CPU = Release|Any CPU
	EndGlobalSection
	GlobalSection(ProjectConfigurationPlatforms) = postSolution
		{F6D0FF7D-9CAB-44FE-864E-B4399828A55A}.Debug|Any CPU.ActiveCfg = Debug|Any CPU
		{F6D0FF7D-9CAB-44FE-864E-B4399828A55A}.Debug|Any CPU.Build.0 = Debug|Any CPU
		{F6D0FF7D-9CAB-44FE-864E-B4399828A55A}.Release|Any CPU.ActiveCfg = Release|Any CPU
		{F6D0FF7D-9CAB-44FE-864E-B4399828A55A}.Release|Any CPU.Build.0 = Release|Any CPU
		{C23D4AB9-A4D0-4E16-A02B-BD4232F1D1D3}.Debug|Any CPU.ActiveCfg = Debug|Any CPU
		{C23D4AB9-A4D0-4E16-A02B-BD4232F1D1D3}.Debug|Any CPU.Build.0 = Debug|Any CPU
		{C23D4AB9-A4D0-4E16-A02B-BD4232F1D1D3}.Release|Any CPU.ActiveCfg = Release|Any CPU
		{C23D4AB9-A4D0-4E16-A02B-BD4232F1D1D3}.Release|Any CPU.Build.0 = Release|Any CPU
	EndGlobalSection
	GlobalSection(SolutionProperties) = preSolution
		HideSolutionNode = FALSE
	EndGlobalSection
	GlobalSection(ExtensibilityGlobals) = postSolution
		SolutionGuid = {AC7447E9-C487-4EE1-AE17-96AACC2B2A27}
	EndGlobalSection
EndGlobal
